
Microsoft Visual Studio Solution File, Format Version 12.00
# Visual Studio Version 17
VisualStudioVersion = 17.4.33403.182
MinimumVisualStudioVersion = 10.0.40219.1
Project("{FAE04EC0-301F-11D3-BF4B-00C04F79EFBC}") = "ConsoleApp1", "ConsoleApp1\ConsoleApp1.csproj", "{47D0D849-43D9-4DA4-8E81-DCD35A541D42}"
EndProject
Global
	GlobalSection(SolutionConfigurationPlatforms) = preSolution
		Debug|Any CPU = Debug|Any CPU
		Release|Any CPU = Release|Any CPU
	EndGlobalSection
	GlobalSection(ProjectConfigurationPlatforms) = postSolution
		{47D0D849-43D9-4DA4-8E81-DCD35A541D42}.Debug|Any CPU.ActiveCfg = Debug|Any CPU
		{47D0D849-43D9-4DA4-8E81-DCD35A541D42}.Debug|Any CPU.Build.0 = Debug|Any CPU
		{47D0D849-43D9-4DA4-8E81-DCD35A541D42}.Release|Any CPU.ActiveCfg = Release|Any CPU
		{47D0D849-43D9-4DA4-8E81-DCD35A541D42}.Release|Any CPU.Build.0 = Release|Any CPU
	EndGlobalSection
	GlobalSection(SolutionProperties) = preSolution
		HideSolutionNode = FALSE
	EndGlobalSection
	GlobalSection(ExtensibilityGlobals) = postSolution
		SolutionGuid = {054479DA-3292-448B-BEC2-2D5C469DF644}
	EndGlobalSection
EndGlobal
